// !$*UTF8*$!
{
	archiveVersion = 1;
	classes = {
	};
	objectVersion = 56;
	objects = {

/* Begin PBXBuildFile section */
		4CDEB71F29F70D2B0021932A /* DeveloperListViewController.swift in Sources */ = {isa = PBXBuildFile; fileRef = 4CDEB71E29F70D2B0021932A /* DeveloperListViewController.swift */; };
		4CDEB72129F70ED50021932A /* Developer.swift in Sources */ = {isa = PBXBuildFile; fileRef = 4CDEB72029F70ED50021932A /* Developer.swift */; };
		9131601F29F5B28D006CECD7 /* AppDelegate.swift in Sources */ = {isa = PBXBuildFile; fileRef = 9131601E29F5B28D006CECD7 /* AppDelegate.swift */; };
		9131602129F5B28D006CECD7 /* SceneDelegate.swift in Sources */ = {isa = PBXBuildFile; fileRef = 9131602029F5B28D006CECD7 /* SceneDelegate.swift */; };
		9131602329F5B28D006CECD7 /* ViewController.swift in Sources */ = {isa = PBXBuildFile; fileRef = 9131602229F5B28D006CECD7 /* ViewController.swift */; };
		9131602629F5B28D006CECD7 /* Main.storyboard in Resources */ = {isa = PBXBuildFile; fileRef = 9131602429F5B28D006CECD7 /* Main.storyboard */; };
		9131602829F5B28E006CECD7 /* Assets.xcassets in Resources */ = {isa = PBXBuildFile; fileRef = 9131602729F5B28E006CECD7 /* Assets.xcassets */; };
		9131602B29F5B28E006CECD7 /* LaunchScreen.storyboard in Resources */ = {isa = PBXBuildFile; fileRef = 9131602929F5B28E006CECD7 /* LaunchScreen.storyboard */; };
/* End PBXBuildFile section */

/* Begin PBXFileReference section */
		4CDEB71E29F70D2B0021932A /* DeveloperListViewController.swift */ = {isa = PBXFileReference; lastKnownFileType = sourcecode.swift; path = DeveloperListViewController.swift; sourceTree = "<group>"; };
		4CDEB72029F70ED50021932A /* Developer.swift */ = {isa = PBXFileReference; lastKnownFileType = sourcecode.swift; path = Developer.swift; sourceTree = "<group>"; };
		9131601B29F5B28D006CECD7 /* Hangman Classic.app */ = {isa = PBXFileReference; explicitFileType = wrapper.application; includeInIndex = 0; path = "Hangman Classic.app"; sourceTree = BUILT_PRODUCTS_DIR; };
		9131601E29F5B28D006CECD7 /* AppDelegate.swift */ = {isa = PBXFileReference; lastKnownFileType = sourcecode.swift; path = AppDelegate.swift; sourceTree = "<group>"; };
		9131602029F5B28D006CECD7 /* SceneDelegate.swift */ = {isa = PBXFileReference; lastKnownFileType = sourcecode.swift; path = SceneDelegate.swift; sourceTree = "<group>"; };
		9131602229F5B28D006CECD7 /* ViewController.swift */ = {isa = PBXFileReference; lastKnownFileType = sourcecode.swift; path = ViewController.swift; sourceTree = "<group>"; };
		9131602529F5B28D006CECD7 /* Base */ = {isa = PBXFileReference; lastKnownFileType = file.storyboard; name = Base; path = Base.lproj/Main.storyboard; sourceTree = "<group>"; };
		9131602729F5B28E006CECD7 /* Assets.xcassets */ = {isa = PBXFileReference; lastKnownFileType = folder.assetcatalog; path = Assets.xcassets; sourceTree = "<group>"; };
		9131602A29F5B28E006CECD7 /* Base */ = {isa = PBXFileReference; lastKnownFileType = file.storyboard; name = Base; path = Base.lproj/LaunchScreen.storyboard; sourceTree = "<group>"; };
		9131602C29F5B28E006CECD7 /* Info.plist */ = {isa = PBXFileReference; lastKnownFileType = text.plist.xml; path = Info.plist; sourceTree = "<group>"; };
/* End PBXFileReference section */

/* Begin PBXFrameworksBuildPhase section */
		9131601829F5B28D006CECD7 /* Frameworks */ = {
			isa = PBXFrameworksBuildPhase;
			buildActionMask = 2147483647;
			files = (
			);
			runOnlyForDeploymentPostprocessing = 0;
		};
/* End PBXFrameworksBuildPhase section */

/* Begin PBXGroup section */
		9131601229F5B28D006CECD7 = {
			isa = PBXGroup;
			children = (
				9131601D29F5B28D006CECD7 /* Hangman Classic */,
				9131601C29F5B28D006CECD7 /* Products */,
			);
			sourceTree = "<group>";
		};
		9131601C29F5B28D006CECD7 /* Products */ = {
			isa = PBXGroup;
			children = (
				9131601B29F5B28D006CECD7 /* Hangman Classic.app */,
			);
			name = Products;
			sourceTree = "<group>";
		};
		9131601D29F5B28D006CECD7 /* Hangman Classic */ = {
			isa = PBXGroup;
			children = (
				9131602C29F5B28E006CECD7 /* Info.plist */,
				9131603229F5B38F006CECD7 /* App */,
				9131603329F5B3AB006CECD7 /* ViewControllers */,
				9131603429F5B3B6006CECD7 /* Storyboards */,
				9131603529F5B3BF006CECD7 /* Resources */,
				4CDEB72029F70ED50021932A /* Developer.swift */,
			);
			path = "Hangman Classic";
			sourceTree = "<group>";
		};
		9131603229F5B38F006CECD7 /* App */ = {
			isa = PBXGroup;
			children = (
				9131602029F5B28D006CECD7 /* SceneDelegate.swift */,
				9131601E29F5B28D006CECD7 /* AppDelegate.swift */,
			);
			name = App;
			sourceTree = "<group>";
		};
		9131603329F5B3AB006CECD7 /* ViewControllers */ = {
			isa = PBXGroup;
			children = (
				9131602229F5B28D006CECD7 /* ViewController.swift */,
				4CDEB71E29F70D2B0021932A /* DeveloperListViewController.swift */,
			);
			name = ViewControllers;
			sourceTree = "<group>";
		};
		9131603429F5B3B6006CECD7 /* Storyboards */ = {
			isa = PBXGroup;
			children = (
				9131602429F5B28D006CECD7 /* Main.storyboard */,
				9131602929F5B28E006CECD7 /* LaunchScreen.storyboard */,
			);
			name = Storyboards;
			sourceTree = "<group>";
		};
		9131603529F5B3BF006CECD7 /* Resources */ = {
			isa = PBXGroup;
			children = (
				9131602729F5B28E006CECD7 /* Assets.xcassets */,
			);
			name = Resources;
			sourceTree = "<group>";
		};
/* End PBXGroup section */

/* Begin PBXNativeTarget section */
		9131601A29F5B28D006CECD7 /* Hangman Classic */ = {
			isa = PBXNativeTarget;
			buildConfigurationList = 9131602F29F5B28E006CECD7 /* Build configuration list for PBXNativeTarget "Hangman Classic" */;
			buildPhases = (
				9131601729F5B28D006CECD7 /* Sources */,
				9131601829F5B28D006CECD7 /* Frameworks */,
				9131601929F5B28D006CECD7 /* Resources */,
			);
			buildRules = (
			);
			dependencies = (
			);
			name = "Hangman Classic";
			productName = "Hangman Classic";
			productReference = 9131601B29F5B28D006CECD7 /* Hangman Classic.app */;
			productType = "com.apple.product-type.application";
		};
/* End PBXNativeTarget section */

/* Begin PBXProject section */
		9131601329F5B28D006CECD7 /* Project object */ = {
			isa = PBXProject;
			attributes = {
				BuildIndependentTargetsInParallel = 1;
				LastSwiftUpdateCheck = 1430;
				LastUpgradeCheck = 1430;
				TargetAttributes = {
					9131601A29F5B28D006CECD7 = {
						CreatedOnToolsVersion = 14.3;
					};
				};
			};
			buildConfigurationList = 9131601629F5B28D006CECD7 /* Build configuration list for PBXProject "Hangman Classic" */;
			compatibilityVersion = "Xcode 14.0";
			developmentRegion = en;
			hasScannedForEncodings = 0;
			knownRegions = (
				en,
				Base,
			);
			mainGroup = 9131601229F5B28D006CECD7;
			productRefGroup = 9131601C29F5B28D006CECD7 /* Products */;
			projectDirPath = "";
			projectRoot = "";
			targets = (
				9131601A29F5B28D006CECD7 /* Hangman Classic */,
			);
		};
/* End PBXProject section */

/* Begin PBXResourcesBuildPhase section */
		9131601929F5B28D006CECD7 /* Resources */ = {
			isa = PBXResourcesBuildPhase;
			buildActionMask = 2147483647;
			files = (
				9131602B29F5B28E006CECD7 /* LaunchScreen.storyboard in Resources */,
				9131602829F5B28E006CECD7 /* Assets.xcassets in Resources */,
				9131602629F5B28D006CECD7 /* Main.storyboard in Resources */,
			);
			runOnlyForDeploymentPostprocessing = 0;
		};
/* End PBXResourcesBuildPhase section */

/* Begin PBXSourcesBuildPhase section */
		9131601729F5B28D006CECD7 /* Sources */ = {
			isa = PBXSourcesBuildPhase;
			buildActionMask = 2147483647;
			files = (
				9131602329F5B28D006CECD7 /* ViewController.swift in Sources */,
				4CDEB72129F70ED50021932A /* Developer.swift in Sources */,
				9131601F29F5B28D006CECD7 /* AppDelegate.swift in Sources */,
				9131602129F5B28D006CECD7 /* SceneDelegate.swift in Sources */,
				4CDEB71F29F70D2B0021932A /* DeveloperListViewController.swift in Sources */,
			);
			runOnlyForDeploymentPostprocessing = 0;
		};
/* End PBXSourcesBuildPhase section */

/* Begin PBXVariantGroup section */
		9131602429F5B28D006CECD7 /* Main.storyboard */ = {
			isa = PBXVariantGroup;
			children = (
				9131602529F5B28D006CECD7 /* Base */,
			);
			name = Main.storyboard;
			sourceTree = "<group>";
		};
		9131602929F5B28E006CECD7 /* LaunchScreen.storyboard */ = {
			isa = PBXVariantGroup;
			children = (
				9131602A29F5B28E006CECD7 /* Base */,
			);
			name = LaunchScreen.storyboard;
			sourceTree = "<group>";
		};
/* End PBXVariantGroup section */

/* Begin XCBuildConfiguration section */
		9131602D29F5B28E006CECD7 /* Debug */ = {
			isa = XCBuildConfiguration;
			buildSettings = {
				ALWAYS_SEARCH_USER_PATHS = NO;
				CLANG_ANALYZER_NONNULL = YES;
				CLANG_ANALYZER_NUMBER_OBJECT_CONVERSION = YES_AGGRESSIVE;
				CLANG_CXX_LANGUAGE_STANDARD = "gnu++20";
				CLANG_ENABLE_MODULES = YES;
				CLANG_ENABLE_OBJC_ARC = YES;
				CLANG_ENABLE_OBJC_WEAK = YES;
				CLANG_WARN_BLOCK_CAPTURE_AUTORELEASING = YES;
				CLANG_WARN_BOOL_CONVERSION = YES;
				CLANG_WARN_COMMA = YES;
				CLANG_WARN_CONSTANT_CONVERSION = YES;
				CLANG_WARN_DEPRECATED_OBJC_IMPLEMENTATIONS = YES;
				CLANG_WARN_DIRECT_OBJC_ISA_USAGE = YES_ERROR;
				CLANG_WARN_DOCUMENTATION_COMMENTS = YES;
				CLANG_WARN_EMPTY_BODY = YES;
				CLANG_WARN_ENUM_CONVERSION = YES;
				CLANG_WARN_INFINITE_RECURSION = YES;
				CLANG_WARN_INT_CONVERSION = YES;
				CLANG_WARN_NON_LITERAL_NULL_CONVERSION = YES;
				CLANG_WARN_OBJC_IMPLICIT_RETAIN_SELF = YES;
				CLANG_WARN_OBJC_LITERAL_CONVERSION = YES;
				CLANG_WARN_OBJC_ROOT_CLASS = YES_ERROR;
				CLANG_WARN_QUOTED_INCLUDE_IN_FRAMEWORK_HEADER = YES;
				CLANG_WARN_RANGE_LOOP_ANALYSIS = YES;
				CLANG_WARN_STRICT_PROTOTYPES = YES;
				CLANG_WARN_SUSPICIOUS_MOVE = YES;
				CLANG_WARN_UNGUARDED_AVAILABILITY = YES_AGGRESSIVE;
				CLANG_WARN_UNREACHABLE_CODE = YES;
				CLANG_WARN__DUPLICATE_METHOD_MATCH = YES;
				COPY_PHASE_STRIP = NO;
				DEBUG_INFORMATION_FORMAT = dwarf;
				ENABLE_STRICT_OBJC_MSGSEND = YES;
				ENABLE_TESTABILITY = YES;
				GCC_C_LANGUAGE_STANDARD = gnu11;
				GCC_DYNAMIC_NO_PIC = NO;
				GCC_NO_COMMON_BLOCKS = YES;
				GCC_OPTIMIZATION_LEVEL = 0;
				GCC_PREPROCESSOR_DEFINITIONS = (
					"DEBUG=1",
					"$(inherited)",
				);
				GCC_WARN_64_TO_32_BIT_CONVERSION = YES;
				GCC_WARN_ABOUT_RETURN_TYPE = YES_ERROR;
				GCC_WARN_UNDECLARED_SELECTOR = YES;
				GCC_WARN_UNINITIALIZED_AUTOS = YES_AGGRESSIVE;
				GCC_WARN_UNUSED_FUNCTION = YES;
				GCC_WARN_UNUSED_VARIABLE = YES;
				IPHONEOS_DEPLOYMENT_TARGET = 16.4;
				MTL_ENABLE_DEBUG_INFO = INCLUDE_SOURCE;
				MTL_FAST_MATH = YES;
				ONLY_ACTIVE_ARCH = YES;
				SDKROOT = iphoneos;
				SWIFT_ACTIVE_COMPILATION_CONDITIONS = DEBUG;
				SWIFT_OPTIMIZATION_LEVEL = "-Onone";
			};
			name = Debug;
		};
		9131602E29F5B28E006CECD7 /* Release */ = {
			isa = XCBuildConfiguration;
			buildSettings = {
				ALWAYS_SEARCH_USER_PATHS = NO;
				CLANG_ANALYZER_NONNULL = YES;
				CLANG_ANALYZER_NUMBER_OBJECT_CONVERSION = YES_AGGRESSIVE;
				CLANG_CXX_LANGUAGE_STANDARD = "gnu++20";
				CLANG_ENABLE_MODULES = YES;
				CLANG_ENABLE_OBJC_ARC = YES;
				CLANG_ENABLE_OBJC_WEAK = YES;
				CLANG_WARN_BLOCK_CAPTURE_AUTORELEASING = YES;
				CLANG_WARN_BOOL_CONVERSION = YES;
				CLANG_WARN_COMMA = YES;
				CLANG_WARN_CONSTANT_CONVERSION = YES;
				CLANG_WARN_DEPRECATED_OBJC_IMPLEMENTATIONS = YES;
				CLANG_WARN_DIRECT_OBJC_ISA_USAGE = YES_ERROR;
				CLANG_WARN_DOCUMENTATION_COMMENTS = YES;
				CLANG_WARN_EMPTY_BODY = YES;
				CLANG_WARN_ENUM_CONVERSION = YES;
				CLANG_WARN_INFINITE_RECURSION = YES;
				CLANG_WARN_INT_CONVERSION = YES;
				CLANG_WARN_NON_LITERAL_NULL_CONVERSION = YES;
				CLANG_WARN_OBJC_IMPLICIT_RETAIN_SELF = YES;
				CLANG_WARN_OBJC_LITERAL_CONVERSION = YES;
				CLANG_WARN_OBJC_ROOT_CLASS = YES_ERROR;
				CLANG_WARN_QUOTED_INCLUDE_IN_FRAMEWORK_HEADER = YES;
				CLANG_WARN_RANGE_LOOP_ANALYSIS = YES;
				CLANG_WARN_STRICT_PROTOTYPES = YES;
				CLANG_WARN_SUSPICIOUS_MOVE = YES;
				CLANG_WARN_UNGUARDED_AVAILABILITY = YES_AGGRESSIVE;
				CLANG_WARN_UNREACHABLE_CODE = YES;
				CLANG_WARN__DUPLICATE_METHOD_MATCH = YES;
				COPY_PHASE_STRIP = NO;
				DEBUG_INFORMATION_FORMAT = "dwarf-with-dsym";
				ENABLE_NS_ASSERTIONS = NO;
				ENABLE_STRICT_OBJC_MSGSEND = YES;
				GCC_C_LANGUAGE_STANDARD = gnu11;
				GCC_NO_COMMON_BLOCKS = YES;
				GCC_WARN_64_TO_32_BIT_CONVERSION = YES;
				GCC_WARN_ABOUT_RETURN_TYPE = YES_ERROR;
				GCC_WARN_UNDECLARED_SELECTOR = YES;
				GCC_WARN_UNINITIALIZED_AUTOS = YES_AGGRESSIVE;
				GCC_WARN_UNUSED_FUNCTION = YES;
				GCC_WARN_UNUSED_VARIABLE = YES;
				IPHONEOS_DEPLOYMENT_TARGET = 16.4;
				MTL_ENABLE_DEBUG_INFO = NO;
				MTL_FAST_MATH = YES;
				SDKROOT = iphoneos;
				SWIFT_COMPILATION_MODE = wholemodule;
				SWIFT_OPTIMIZATION_LEVEL = "-O";
				VALIDATE_PRODUCT = YES;
			};
			name = Release;
		};
		9131603029F5B28E006CECD7 /* Debug */ = {
			isa = XCBuildConfiguration;
			buildSettings = {
				ASSETCATALOG_COMPILER_APPICON_NAME = AppIcon;
				ASSETCATALOG_COMPILER_GLOBAL_ACCENT_COLOR_NAME = AccentColor;
				CODE_SIGN_STYLE = Automatic;
				CURRENT_PROJECT_VERSION = 1;
				DEVELOPMENT_TEAM = 6DCRFKN8GP;
				GENERATE_INFOPLIST_FILE = YES;
				INFOPLIST_FILE = "Hangman Classic/Info.plist";
				INFOPLIST_KEY_LSApplicationCategoryType = "public.app-category.word-games";
				INFOPLIST_KEY_UIApplicationSupportsIndirectInputEvents = YES;
				INFOPLIST_KEY_UILaunchStoryboardName = LaunchScreen;
				INFOPLIST_KEY_UIMainStoryboardFile = Main;
				INFOPLIST_KEY_UISupportedInterfaceOrientations = UIInterfaceOrientationPortrait;
				INFOPLIST_KEY_UISupportedInterfaceOrientations_iPad = "UIInterfaceOrientationLandscapeLeft UIInterfaceOrientationLandscapeRight UIInterfaceOrientationPortrait UIInterfaceOrientationPortraitUpsideDown";
				IPHONEOS_DEPLOYMENT_TARGET = 15.3;
				LD_RUNPATH_SEARCH_PATHS = (
					"$(inherited)",
					"@executable_path/Frameworks",
				);
				MARKETING_VERSION = 1.0;
				PRODUCT_BUNDLE_IDENTIFIER = "dutysniper.Hangman-Classic";
				PRODUCT_NAME = "$(TARGET_NAME)";
				SUPPORTED_PLATFORMS = "iphoneos iphonesimulator";
				SUPPORTS_MACCATALYST = NO;
				SUPPORTS_MAC_DESIGNED_FOR_IPHONE_IPAD = NO;
				SWIFT_EMIT_LOC_STRINGS = YES;
				SWIFT_VERSION = 5.0;
				TARGETED_DEVICE_FAMILY = 1;
			};
			name = Debug;
		};
		9131603129F5B28E006CECD7 /* Release */ = {
			isa = XCBuildConfiguration;
			buildSettings = {
				ASSETCATALOG_COMPILER_APPICON_NAME = AppIcon;
				ASSETCATALOG_COMPILER_GLOBAL_ACCENT_COLOR_NAME = AccentColor;
				CODE_SIGN_STYLE = Automatic;
				CURRENT_PROJECT_VERSION = 1;
				DEVELOPMENT_TEAM = 6DCRFKN8GP;
				GENERATE_INFOPLIST_FILE = YES;
				INFOPLIST_FILE = "Hangman Classic/Info.plist";
				INFOPLIST_KEY_LSApplicationCategoryType = "public.app-category.word-games";
				INFOPLIST_KEY_UIApplicationSupportsIndirectInputEvents = YES;
				INFOPLIST_KEY_UILaunchStoryboardName = LaunchScreen;
				INFOPLIST_KEY_UIMainStoryboardFile = Main;
				INFOPLIST_KEY_UISupportedInterfaceOrientations = UIInterfaceOrientationPortrait;
				INFOPLIST_KEY_UISupportedInterfaceOrientations_iPad = "UIInterfaceOrientationLandscapeLeft UIInterfaceOrientationLandscapeRight UIInterfaceOrientationPortrait UIInterfaceOrientationPortraitUpsideDown";
				IPHONEOS_DEPLOYMENT_TARGET = 15.3;
				LD_RUNPATH_SEARCH_PATHS = (
					"$(inherited)",
					"@executable_path/Frameworks",
				);
				MARKETING_VERSION = 1.0;
				PRODUCT_BUNDLE_IDENTIFIER = "dutysniper.Hangman-Classic";
				PRODUCT_NAME = "$(TARGET_NAME)";
				SUPPORTED_PLATFORMS = "iphoneos iphonesimulator";
				SUPPORTS_MACCATALYST = NO;
				SUPPORTS_MAC_DESIGNED_FOR_IPHONE_IPAD = NO;
				SWIFT_EMIT_LOC_STRINGS = YES;
				SWIFT_VERSION = 5.0;
				TARGETED_DEVICE_FAMILY = 1;
			};
			name = Release;
		};
/* End XCBuildConfiguration section */

/* Begin XCConfigurationList section */
		9131601629F5B28D006CECD7 /* Build configuration list for PBXProject "Hangman Classic" */ = {
			isa = XCConfigurationList;
			buildConfigurations = (
				9131602D29F5B28E006CECD7 /* Debug */,
				9131602E29F5B28E006CECD7 /* Release */,
			);
			defaultConfigurationIsVisible = 0;
			defaultConfigurationName = Release;
		};
		9131602F29F5B28E006CECD7 /* Build configuration list for PBXNativeTarget "Hangman Classic" */ = {
			isa = XCConfigurationList;
			buildConfigurations = (
				9131603029F5B28E006CECD7 /* Debug */,
				9131603129F5B28E006CECD7 /* Release */,
			);
			defaultConfigurationIsVisible = 0;
			defaultConfigurationName = Release;
		};
/* End XCConfigurationList section */
	};
	rootObject = 9131601329F5B28D006CECD7 /* Project object */;
}
