// !$*UTF8*$!
{
	archiveVersion = 1;
	classes = {
	};
	objectVersion = 56;
	objects = {

/* Begin PBXBuildFile section */
		0744090329FC26FE007C98FB /* MathGamesViewController.swift in Sources */ = {isa = PBXBuildFile; fileRef = 0744090229FC26FE007C98FB /* MathGamesViewController.swift */; };
		0744090529FC349E007C98FB /* YesOrNoMathViewController.swift in Sources */ = {isa = PBXBuildFile; fileRef = 0744090429FC349E007C98FB /* YesOrNoMathViewController.swift */; };
		07F5ADA229F870E6008ED0F3 /* MathExpression.swift in Sources */ = {isa = PBXBuildFile; fileRef = 07F5ADA129F870E6008ED0F3 /* MathExpression.swift */; };
		07F5ADA429F87108008ED0F3 /* SprintMathViewController.swift in Sources */ = {isa = PBXBuildFile; fileRef = 07F5ADA329F87108008ED0F3 /* SprintMathViewController.swift */; };
		07FC0C9729F83B3300251DFB /* MathGame.storyboard in Resources */ = {isa = PBXBuildFile; fileRef = 07FC0C9629F83B3300251DFB /* MathGame.storyboard */; };
		4C100FA129F74379001D3662 /* Ext + Alert.swift in Sources */ = {isa = PBXBuildFile; fileRef = 4C100FA029F74379001D3662 /* Ext + Alert.swift */; };
		4C41E5C329FA9213007C2E90 /* FlagRulesViewController.swift in Sources */ = {isa = PBXBuildFile; fileRef = 4C41E5C229FA9213007C2E90 /* FlagRulesViewController.swift */; };
		4C41E5C929FADF4D007C2E90 /* SettingsListViewController.swift in Sources */ = {isa = PBXBuildFile; fileRef = 4C41E5C829FADF4D007C2E90 /* SettingsListViewController.swift */; };
		4C41E5CF29FB263F007C2E90 /* SettingsButtonTitle.swift in Sources */ = {isa = PBXBuildFile; fileRef = 4C41E5CE29FB263F007C2E90 /* SettingsButtonTitle.swift */; };
		4C88CA7A29FC0637005ABAF3 /* ThemeTableViewCell.swift in Sources */ = {isa = PBXBuildFile; fileRef = 4C88CA7929FC0637005ABAF3 /* ThemeTableViewCell.swift */; };
		4C88CA7D29FC2AF7005ABAF3 /* Ext + SettingsListVC.swift in Sources */ = {isa = PBXBuildFile; fileRef = 4C88CA7C29FC2AF7005ABAF3 /* Ext + SettingsListVC.swift */; };
		4C944E1529F940B500E12081 /* CountryFlag.swift in Sources */ = {isa = PBXBuildFile; fileRef = 4C944E1429F940B400E12081 /* CountryFlag.swift */; };
		4C944E1929F956BF00E12081 /* CountriesListViewController.swift in Sources */ = {isa = PBXBuildFile; fileRef = 4C944E1829F956BF00E12081 /* CountriesListViewController.swift */; };
		4C9D524229F8716F00603710 /* DataStore.swift in Sources */ = {isa = PBXBuildFile; fileRef = 9131603A29F70BCC006CECD7 /* DataStore.swift */; };
		4CB012EF29F76E4E005508CC /* FlagGameViewController.swift in Sources */ = {isa = PBXBuildFile; fileRef = 4CB012EE29F76E4E005508CC /* FlagGameViewController.swift */; };
		4CB012F129F77B72005508CC /* FlagDataStore.swift in Sources */ = {isa = PBXBuildFile; fileRef = 4CB012F029F77B72005508CC /* FlagDataStore.swift */; };
		4CDEB71F29F70D2B0021932A /* DeveloperListViewController.swift in Sources */ = {isa = PBXBuildFile; fileRef = 4CDEB71E29F70D2B0021932A /* DeveloperListViewController.swift */; };
		4CDEB72129F70ED50021932A /* Developer.swift in Sources */ = {isa = PBXBuildFile; fileRef = 4CDEB72029F70ED50021932A /* Developer.swift */; };
		4CF7AC3429F9B16600C25C0A /* GameListViewController.swift in Sources */ = {isa = PBXBuildFile; fileRef = 4CF7AC3329F9B16600C25C0A /* GameListViewController.swift */; };
		4CF7AC3629F9BA4A00C25C0A /* GameDescription.swift in Sources */ = {isa = PBXBuildFile; fileRef = 4CF7AC3529F9BA4A00C25C0A /* GameDescription.swift */; };
		4CF7AC3829F9DF5600C25C0A /* FlagSettingsViewController.swift in Sources */ = {isa = PBXBuildFile; fileRef = 4CF7AC3729F9DF5600C25C0A /* FlagSettingsViewController.swift */; };
		9131601F29F5B28D006CECD7 /* AppDelegate.swift in Sources */ = {isa = PBXBuildFile; fileRef = 9131601E29F5B28D006CECD7 /* AppDelegate.swift */; };
		9131602129F5B28D006CECD7 /* SceneDelegate.swift in Sources */ = {isa = PBXBuildFile; fileRef = 9131602029F5B28D006CECD7 /* SceneDelegate.swift */; };
		9131602329F5B28D006CECD7 /* HangmanViewController.swift in Sources */ = {isa = PBXBuildFile; fileRef = 9131602229F5B28D006CECD7 /* HangmanViewController.swift */; };
		9131602629F5B28D006CECD7 /* Main + Flag.storyboard in Resources */ = {isa = PBXBuildFile; fileRef = 9131602429F5B28D006CECD7 /* Main + Flag.storyboard */; };
		9131602829F5B28E006CECD7 /* Assets.xcassets in Resources */ = {isa = PBXBuildFile; fileRef = 9131602729F5B28E006CECD7 /* Assets.xcassets */; };
		9131602B29F5B28E006CECD7 /* LaunchScreen.storyboard in Resources */ = {isa = PBXBuildFile; fileRef = 9131602929F5B28E006CECD7 /* LaunchScreen.storyboard */; };
		9131603829F70B4E006CECD7 /* HangmanGame.swift in Sources */ = {isa = PBXBuildFile; fileRef = 9131603729F70B4E006CECD7 /* HangmanGame.swift */; };
		9147375F29FD6F4900D0A755 /* Ext + invertImageColor.swift in Sources */ = {isa = PBXBuildFile; fileRef = 9147375E29FD6F4900D0A755 /* Ext + invertImageColor.swift */; };
		91D1482F29F926C20084E763 /* Hangman.storyboard in Resources */ = {isa = PBXBuildFile; fileRef = 91D1482E29F926C20084E763 /* Hangman.storyboard */; };
		91D1483129F92A6A0084E763 /* DifficultyHangmanViewController.swift in Sources */ = {isa = PBXBuildFile; fileRef = 91D1483029F92A6A0084E763 /* DifficultyHangmanViewController.swift */; };
		91D1483329FB06210084E763 /* GameOverViewController.swift in Sources */ = {isa = PBXBuildFile; fileRef = 91D1483229FB06210084E763 /* GameOverViewController.swift */; };
/* End PBXBuildFile section */

/* Begin PBXFileReference section */
		0744090229FC26FE007C98FB /* MathGamesViewController.swift */ = {isa = PBXFileReference; lastKnownFileType = sourcecode.swift; path = MathGamesViewController.swift; sourceTree = "<group>"; };
		0744090429FC349E007C98FB /* YesOrNoMathViewController.swift */ = {isa = PBXFileReference; lastKnownFileType = sourcecode.swift; path = YesOrNoMathViewController.swift; sourceTree = "<group>"; };
		07F5ADA129F870E6008ED0F3 /* MathExpression.swift */ = {isa = PBXFileReference; lastKnownFileType = sourcecode.swift; path = MathExpression.swift; sourceTree = "<group>"; };
		07F5ADA329F87108008ED0F3 /* SprintMathViewController.swift */ = {isa = PBXFileReference; lastKnownFileType = sourcecode.swift; path = SprintMathViewController.swift; sourceTree = "<group>"; };
		07FC0C9629F83B3300251DFB /* MathGame.storyboard */ = {isa = PBXFileReference; lastKnownFileType = file.storyboard; path = MathGame.storyboard; sourceTree = "<group>"; };
		4C100FA029F74379001D3662 /* Ext + Alert.swift */ = {isa = PBXFileReference; lastKnownFileType = sourcecode.swift; path = "Ext + Alert.swift"; sourceTree = "<group>"; };
		4C41E5C229FA9213007C2E90 /* FlagRulesViewController.swift */ = {isa = PBXFileReference; lastKnownFileType = sourcecode.swift; path = FlagRulesViewController.swift; sourceTree = "<group>"; };
		4C41E5C829FADF4D007C2E90 /* SettingsListViewController.swift */ = {isa = PBXFileReference; lastKnownFileType = sourcecode.swift; path = SettingsListViewController.swift; sourceTree = "<group>"; };
		4C41E5CE29FB263F007C2E90 /* SettingsButtonTitle.swift */ = {isa = PBXFileReference; lastKnownFileType = sourcecode.swift; path = SettingsButtonTitle.swift; sourceTree = "<group>"; };
		4C88CA7929FC0637005ABAF3 /* ThemeTableViewCell.swift */ = {isa = PBXFileReference; lastKnownFileType = sourcecode.swift; path = ThemeTableViewCell.swift; sourceTree = "<group>"; };
		4C88CA7C29FC2AF7005ABAF3 /* Ext + SettingsListVC.swift */ = {isa = PBXFileReference; lastKnownFileType = sourcecode.swift; path = "Ext + SettingsListVC.swift"; sourceTree = "<group>"; };
		4C944E1429F940B400E12081 /* CountryFlag.swift */ = {isa = PBXFileReference; lastKnownFileType = sourcecode.swift; path = CountryFlag.swift; sourceTree = "<group>"; };
		4C944E1829F956BF00E12081 /* CountriesListViewController.swift */ = {isa = PBXFileReference; lastKnownFileType = sourcecode.swift; path = CountriesListViewController.swift; sourceTree = "<group>"; };
		4CB012EE29F76E4E005508CC /* FlagGameViewController.swift */ = {isa = PBXFileReference; lastKnownFileType = sourcecode.swift; path = FlagGameViewController.swift; sourceTree = "<group>"; };
		4CB012F029F77B72005508CC /* FlagDataStore.swift */ = {isa = PBXFileReference; lastKnownFileType = sourcecode.swift; path = FlagDataStore.swift; sourceTree = "<group>"; };
		4CDEB71E29F70D2B0021932A /* DeveloperListViewController.swift */ = {isa = PBXFileReference; lastKnownFileType = sourcecode.swift; path = DeveloperListViewController.swift; sourceTree = "<group>"; };
		4CDEB72029F70ED50021932A /* Developer.swift */ = {isa = PBXFileReference; lastKnownFileType = sourcecode.swift; path = Developer.swift; sourceTree = "<group>"; };
		4CF7AC3329F9B16600C25C0A /* GameListViewController.swift */ = {isa = PBXFileReference; lastKnownFileType = sourcecode.swift; path = GameListViewController.swift; sourceTree = "<group>"; };
		4CF7AC3529F9BA4A00C25C0A /* GameDescription.swift */ = {isa = PBXFileReference; lastKnownFileType = sourcecode.swift; path = GameDescription.swift; sourceTree = "<group>"; };
		4CF7AC3729F9DF5600C25C0A /* FlagSettingsViewController.swift */ = {isa = PBXFileReference; lastKnownFileType = sourcecode.swift; path = FlagSettingsViewController.swift; sourceTree = "<group>"; };
		9131601B29F5B28D006CECD7 /* Hangman Classic.app */ = {isa = PBXFileReference; explicitFileType = wrapper.application; includeInIndex = 0; path = "Hangman Classic.app"; sourceTree = BUILT_PRODUCTS_DIR; };
		9131601E29F5B28D006CECD7 /* AppDelegate.swift */ = {isa = PBXFileReference; lastKnownFileType = sourcecode.swift; path = AppDelegate.swift; sourceTree = "<group>"; };
		9131602029F5B28D006CECD7 /* SceneDelegate.swift */ = {isa = PBXFileReference; lastKnownFileType = sourcecode.swift; path = SceneDelegate.swift; sourceTree = "<group>"; };
		9131602229F5B28D006CECD7 /* HangmanViewController.swift */ = {isa = PBXFileReference; lastKnownFileType = sourcecode.swift; path = HangmanViewController.swift; sourceTree = "<group>"; };
		9131602529F5B28D006CECD7 /* Base */ = {isa = PBXFileReference; lastKnownFileType = file.storyboard; name = Base; path = "Base.lproj/Main + Flag.storyboard"; sourceTree = "<group>"; };
		9131602729F5B28E006CECD7 /* Assets.xcassets */ = {isa = PBXFileReference; lastKnownFileType = folder.assetcatalog; path = Assets.xcassets; sourceTree = "<group>"; };
		9131602A29F5B28E006CECD7 /* Base */ = {isa = PBXFileReference; lastKnownFileType = file.storyboard; name = Base; path = Base.lproj/LaunchScreen.storyboard; sourceTree = "<group>"; };
		9131602C29F5B28E006CECD7 /* Info.plist */ = {isa = PBXFileReference; lastKnownFileType = text.plist.xml; path = Info.plist; sourceTree = "<group>"; };
		9131603729F70B4E006CECD7 /* HangmanGame.swift */ = {isa = PBXFileReference; lastKnownFileType = sourcecode.swift; path = HangmanGame.swift; sourceTree = "<group>"; };
		9131603A29F70BCC006CECD7 /* DataStore.swift */ = {isa = PBXFileReference; lastKnownFileType = sourcecode.swift; path = DataStore.swift; sourceTree = "<group>"; };
		9147375E29FD6F4900D0A755 /* Ext + invertImageColor.swift */ = {isa = PBXFileReference; lastKnownFileType = sourcecode.swift; path = "Ext + invertImageColor.swift"; sourceTree = "<group>"; };
		91D1482E29F926C20084E763 /* Hangman.storyboard */ = {isa = PBXFileReference; lastKnownFileType = file.storyboard; path = Hangman.storyboard; sourceTree = "<group>"; };
		91D1483029F92A6A0084E763 /* DifficultyHangmanViewController.swift */ = {isa = PBXFileReference; lastKnownFileType = sourcecode.swift; path = DifficultyHangmanViewController.swift; sourceTree = "<group>"; };
		91D1483229FB06210084E763 /* GameOverViewController.swift */ = {isa = PBXFileReference; lastKnownFileType = sourcecode.swift; path = GameOverViewController.swift; sourceTree = "<group>"; };
/* End PBXFileReference section */

/* Begin PBXFrameworksBuildPhase section */
		9131601829F5B28D006CECD7 /* Frameworks */ = {
			isa = PBXFrameworksBuildPhase;
			buildActionMask = 2147483647;
			files = (
			);
			runOnlyForDeploymentPostprocessing = 0;
		};
/* End PBXFrameworksBuildPhase section */

/* Begin PBXGroup section */
		9131601229F5B28D006CECD7 = {
			isa = PBXGroup;
			children = (
				9131601D29F5B28D006CECD7 /* Hangman Classic */,
				9131601C29F5B28D006CECD7 /* Products */,
			);
			sourceTree = "<group>";
		};
		9131601C29F5B28D006CECD7 /* Products */ = {
			isa = PBXGroup;
			children = (
				9131601B29F5B28D006CECD7 /* Hangman Classic.app */,
			);
			name = Products;
			sourceTree = "<group>";
		};
		9131601D29F5B28D006CECD7 /* Hangman Classic */ = {
			isa = PBXGroup;
			children = (
				9147376429FDADF800D0A755 /* App */,
				9147376229FDAD5500D0A755 /* Storyboards */,
				9147376829FDAF7A00D0A755 /* ViewControllers */,
				9147376729FDAEC000D0A755 /* Models */,
				9147376629FDAE4900D0A755 /* Services */,
				9147376329FDAD9200D0A755 /* Resources */,
			);
			path = "Hangman Classic";
			sourceTree = "<group>";
		};
		9147376229FDAD5500D0A755 /* Storyboards */ = {
			isa = PBXGroup;
			children = (
				9131602929F5B28E006CECD7 /* LaunchScreen.storyboard */,
				9131602429F5B28D006CECD7 /* Main + Flag.storyboard */,
				07FC0C9629F83B3300251DFB /* MathGame.storyboard */,
				91D1482E29F926C20084E763 /* Hangman.storyboard */,
			);
			path = Storyboards;
			sourceTree = "<group>";
		};
		9147376329FDAD9200D0A755 /* Resources */ = {
			isa = PBXGroup;
			children = (
				9131602729F5B28E006CECD7 /* Assets.xcassets */,
			);
			path = Resources;
			sourceTree = "<group>";
		};
		9147376429FDADF800D0A755 /* App */ = {
			isa = PBXGroup;
			children = (
				9131602029F5B28D006CECD7 /* SceneDelegate.swift */,
				9131601E29F5B28D006CECD7 /* AppDelegate.swift */,
				9131602C29F5B28E006CECD7 /* Info.plist */,
			);
			path = App;
			sourceTree = "<group>";
		};
		9147376629FDAE4900D0A755 /* Services */ = {
			isa = PBXGroup;
			children = (
				9131603A29F70BCC006CECD7 /* DataStore.swift */,
				4CB012F029F77B72005508CC /* FlagDataStore.swift */,
			);
			path = Services;
			sourceTree = "<group>";
		};
		9147376729FDAEC000D0A755 /* Models */ = {
			isa = PBXGroup;
			children = (
				4CDEB72029F70ED50021932A /* Developer.swift */,
				9131603729F70B4E006CECD7 /* HangmanGame.swift */,
				4C944E1429F940B400E12081 /* CountryFlag.swift */,
				4CF7AC3529F9BA4A00C25C0A /* GameDescription.swift */,
				07F5ADA129F870E6008ED0F3 /* MathExpression.swift */,
				4C41E5CE29FB263F007C2E90 /* SettingsButtonTitle.swift */,
			);
			path = Models;
			sourceTree = "<group>";
		};
		9147376829FDAF7A00D0A755 /* ViewControllers */ = {
			isa = PBXGroup;
			children = (
				9147376929FDAF8800D0A755 /* MainViewControllers */,
				9147376D29FDB03B00D0A755 /* HangmanViewControllerss */,
				9147376A29FDAF9B00D0A755 /* FlagViewControllers */,
				9147376C29FDB00900D0A755 /* MathViewControllers */,
				9147376E29FDB05900D0A755 /* Extensions */,
			);
			path = ViewControllers;
			sourceTree = "<group>";
		};
		9147376929FDAF8800D0A755 /* MainViewControllers */ = {
			isa = PBXGroup;
			children = (
				4CF7AC3329F9B16600C25C0A /* GameListViewController.swift */,
				9147376B29FDAFC400D0A755 /* Settings */,
			);
			path = MainViewControllers;
			sourceTree = "<group>";
		};
		9147376A29FDAF9B00D0A755 /* FlagViewControllers */ = {
			isa = PBXGroup;
			children = (
				4CB012EE29F76E4E005508CC /* FlagGameViewController.swift */,
				4C944E1829F956BF00E12081 /* CountriesListViewController.swift */,
				4CF7AC3729F9DF5600C25C0A /* FlagSettingsViewController.swift */,
				4C41E5C229FA9213007C2E90 /* FlagRulesViewController.swift */,
			);
			path = FlagViewControllers;
			sourceTree = "<group>";
		};
		9147376B29FDAFC400D0A755 /* Settings */ = {
			isa = PBXGroup;
			children = (
				4CDEB71E29F70D2B0021932A /* DeveloperListViewController.swift */,
				4C41E5C829FADF4D007C2E90 /* SettingsListViewController.swift */,
				4C88CA7C29FC2AF7005ABAF3 /* Ext + SettingsListVC.swift */,
				4C88CA7929FC0637005ABAF3 /* ThemeTableViewCell.swift */,
			);
			path = Settings;
			sourceTree = "<group>";
		};
		9147376C29FDB00900D0A755 /* MathViewControllers */ = {
			isa = PBXGroup;
			children = (
				07F5ADA329F87108008ED0F3 /* SprintMathViewController.swift */,
				0744090229FC26FE007C98FB /* MathGamesViewController.swift */,
				0744090429FC349E007C98FB /* YesOrNoMathViewController.swift */,
			);
			path = MathViewControllers;
			sourceTree = "<group>";
		};
		9147376D29FDB03B00D0A755 /* HangmanViewControllerss */ = {
			isa = PBXGroup;
			children = (
				91D1483029F92A6A0084E763 /* DifficultyHangmanViewController.swift */,
				9131602229F5B28D006CECD7 /* HangmanViewController.swift */,
				91D1483229FB06210084E763 /* GameOverViewController.swift */,
			);
			path = HangmanViewControllerss;
			sourceTree = "<group>";
		};
		9147376E29FDB05900D0A755 /* Extensions */ = {
			isa = PBXGroup;
			children = (
				4C100FA029F74379001D3662 /* Ext + Alert.swift */,
				9147375E29FD6F4900D0A755 /* Ext + invertImageColor.swift */,
			);
			path = Extensions;
			sourceTree = "<group>";
		};
/* End PBXGroup section */

/* Begin PBXNativeTarget section */
		9131601A29F5B28D006CECD7 /* Hangman Classic */ = {
			isa = PBXNativeTarget;
			buildConfigurationList = 9131602F29F5B28E006CECD7 /* Build configuration list for PBXNativeTarget "Hangman Classic" */;
			buildPhases = (
				9131601729F5B28D006CECD7 /* Sources */,
				9131601829F5B28D006CECD7 /* Frameworks */,
				9131601929F5B28D006CECD7 /* Resources */,
			);
			buildRules = (
			);
			dependencies = (
			);
			name = "Hangman Classic";
			productName = "Hangman Classic";
			productReference = 9131601B29F5B28D006CECD7 /* Hangman Classic.app */;
			productType = "com.apple.product-type.application";
		};
/* End PBXNativeTarget section */

/* Begin PBXProject section */
		9131601329F5B28D006CECD7 /* Project object */ = {
			isa = PBXProject;
			attributes = {
				BuildIndependentTargetsInParallel = 1;
				LastSwiftUpdateCheck = 1430;
				LastUpgradeCheck = 1430;
				TargetAttributes = {
					9131601A29F5B28D006CECD7 = {
						CreatedOnToolsVersion = 14.3;
					};
				};
			};
			buildConfigurationList = 9131601629F5B28D006CECD7 /* Build configuration list for PBXProject "Hangman Classic" */;
			compatibilityVersion = "Xcode 14.0";
			developmentRegion = en;
			hasScannedForEncodings = 0;
			knownRegions = (
				en,
				Base,
			);
			mainGroup = 9131601229F5B28D006CECD7;
			productRefGroup = 9131601C29F5B28D006CECD7 /* Products */;
			projectDirPath = "";
			projectRoot = "";
			targets = (
				9131601A29F5B28D006CECD7 /* Hangman Classic */,
			);
		};
/* End PBXProject section */

/* Begin PBXResourcesBuildPhase section */
		9131601929F5B28D006CECD7 /* Resources */ = {
			isa = PBXResourcesBuildPhase;
			buildActionMask = 2147483647;
			files = (
				9131602B29F5B28E006CECD7 /* LaunchScreen.storyboard in Resources */,
				9131602829F5B28E006CECD7 /* Assets.xcassets in Resources */,
				91D1482F29F926C20084E763 /* Hangman.storyboard in Resources */,
				07FC0C9729F83B3300251DFB /* MathGame.storyboard in Resources */,
				9131602629F5B28D006CECD7 /* Main + Flag.storyboard in Resources */,
			);
			runOnlyForDeploymentPostprocessing = 0;
		};
/* End PBXResourcesBuildPhase section */

/* Begin PBXSourcesBuildPhase section */
		9131601729F5B28D006CECD7 /* Sources */ = {
			isa = PBXSourcesBuildPhase;
			buildActionMask = 2147483647;
			files = (
				4CF7AC3429F9B16600C25C0A /* GameListViewController.swift in Sources */,
				9131602329F5B28D006CECD7 /* HangmanViewController.swift in Sources */,
				4C9D524229F8716F00603710 /* DataStore.swift in Sources */,
				4CDEB72129F70ED50021932A /* Developer.swift in Sources */,
				9147375F29FD6F4900D0A755 /* Ext + invertImageColor.swift in Sources */,
				4C100FA129F74379001D3662 /* Ext + Alert.swift in Sources */,
				4C41E5CF29FB263F007C2E90 /* SettingsButtonTitle.swift in Sources */,
				4C944E1929F956BF00E12081 /* CountriesListViewController.swift in Sources */,
				4C41E5C929FADF4D007C2E90 /* SettingsListViewController.swift in Sources */,
				4C88CA7A29FC0637005ABAF3 /* ThemeTableViewCell.swift in Sources */,
				07F5ADA229F870E6008ED0F3 /* MathExpression.swift in Sources */,
				4C944E1529F940B500E12081 /* CountryFlag.swift in Sources */,
				9131601F29F5B28D006CECD7 /* AppDelegate.swift in Sources */,
				4CB012EF29F76E4E005508CC /* FlagGameViewController.swift in Sources */,
				91D1483329FB06210084E763 /* GameOverViewController.swift in Sources */,
				4CB012F129F77B72005508CC /* FlagDataStore.swift in Sources */,
				9131603829F70B4E006CECD7 /* HangmanGame.swift in Sources */,
				4C41E5C329FA9213007C2E90 /* FlagRulesViewController.swift in Sources */,
				07F5ADA429F87108008ED0F3 /* SprintMathViewController.swift in Sources */,
				4CF7AC3629F9BA4A00C25C0A /* GameDescription.swift in Sources */,
				9131602129F5B28D006CECD7 /* SceneDelegate.swift in Sources */,
				4CDEB71F29F70D2B0021932A /* DeveloperListViewController.swift in Sources */,
				4C88CA7D29FC2AF7005ABAF3 /* Ext + SettingsListVC.swift in Sources */,
				4CF7AC3829F9DF5600C25C0A /* FlagSettingsViewController.swift in Sources */,
				0744090529FC349E007C98FB /* YesOrNoMathViewController.swift in Sources */,
				91D1483129F92A6A0084E763 /* DifficultyHangmanViewController.swift in Sources */,
				0744090329FC26FE007C98FB /* MathGamesViewController.swift in Sources */,
			);
			runOnlyForDeploymentPostprocessing = 0;
		};
/* End PBXSourcesBuildPhase section */

/* Begin PBXVariantGroup section */
		9131602429F5B28D006CECD7 /* Main + Flag.storyboard */ = {
			isa = PBXVariantGroup;
			children = (
				9131602529F5B28D006CECD7 /* Base */,
			);
			name = "Main + Flag.storyboard";
			sourceTree = "<group>";
		};
		9131602929F5B28E006CECD7 /* LaunchScreen.storyboard */ = {
			isa = PBXVariantGroup;
			children = (
				9131602A29F5B28E006CECD7 /* Base */,
			);
			name = LaunchScreen.storyboard;
			sourceTree = "<group>";
		};
/* End PBXVariantGroup section */

/* Begin XCBuildConfiguration section */
		9131602D29F5B28E006CECD7 /* Debug */ = {
			isa = XCBuildConfiguration;
			buildSettings = {
				ALWAYS_SEARCH_USER_PATHS = NO;
				CLANG_ANALYZER_NONNULL = YES;
				CLANG_ANALYZER_NUMBER_OBJECT_CONVERSION = YES_AGGRESSIVE;
				CLANG_CXX_LANGUAGE_STANDARD = "gnu++20";
				CLANG_ENABLE_MODULES = YES;
				CLANG_ENABLE_OBJC_ARC = YES;
				CLANG_ENABLE_OBJC_WEAK = YES;
				CLANG_WARN_BLOCK_CAPTURE_AUTORELEASING = YES;
				CLANG_WARN_BOOL_CONVERSION = YES;
				CLANG_WARN_COMMA = YES;
				CLANG_WARN_CONSTANT_CONVERSION = YES;
				CLANG_WARN_DEPRECATED_OBJC_IMPLEMENTATIONS = YES;
				CLANG_WARN_DIRECT_OBJC_ISA_USAGE = YES_ERROR;
				CLANG_WARN_DOCUMENTATION_COMMENTS = YES;
				CLANG_WARN_EMPTY_BODY = YES;
				CLANG_WARN_ENUM_CONVERSION = YES;
				CLANG_WARN_INFINITE_RECURSION = YES;
				CLANG_WARN_INT_CONVERSION = YES;
				CLANG_WARN_NON_LITERAL_NULL_CONVERSION = YES;
				CLANG_WARN_OBJC_IMPLICIT_RETAIN_SELF = YES;
				CLANG_WARN_OBJC_LITERAL_CONVERSION = YES;
				CLANG_WARN_OBJC_ROOT_CLASS = YES_ERROR;
				CLANG_WARN_QUOTED_INCLUDE_IN_FRAMEWORK_HEADER = YES;
				CLANG_WARN_RANGE_LOOP_ANALYSIS = YES;
				CLANG_WARN_STRICT_PROTOTYPES = YES;
				CLANG_WARN_SUSPICIOUS_MOVE = YES;
				CLANG_WARN_UNGUARDED_AVAILABILITY = YES_AGGRESSIVE;
				CLANG_WARN_UNREACHABLE_CODE = YES;
				CLANG_WARN__DUPLICATE_METHOD_MATCH = YES;
				COPY_PHASE_STRIP = NO;
				DEBUG_INFORMATION_FORMAT = dwarf;
				ENABLE_STRICT_OBJC_MSGSEND = YES;
				ENABLE_TESTABILITY = YES;
				GCC_C_LANGUAGE_STANDARD = gnu11;
				GCC_DYNAMIC_NO_PIC = NO;
				GCC_NO_COMMON_BLOCKS = YES;
				GCC_OPTIMIZATION_LEVEL = 0;
				GCC_PREPROCESSOR_DEFINITIONS = (
					"DEBUG=1",
					"$(inherited)",
				);
				GCC_WARN_64_TO_32_BIT_CONVERSION = YES;
				GCC_WARN_ABOUT_RETURN_TYPE = YES_ERROR;
				GCC_WARN_UNDECLARED_SELECTOR = YES;
				GCC_WARN_UNINITIALIZED_AUTOS = YES_AGGRESSIVE;
				GCC_WARN_UNUSED_FUNCTION = YES;
				GCC_WARN_UNUSED_VARIABLE = YES;
				IPHONEOS_DEPLOYMENT_TARGET = 16.4;
				MTL_ENABLE_DEBUG_INFO = INCLUDE_SOURCE;
				MTL_FAST_MATH = YES;
				ONLY_ACTIVE_ARCH = YES;
				SDKROOT = iphoneos;
				SWIFT_ACTIVE_COMPILATION_CONDITIONS = DEBUG;
				SWIFT_OPTIMIZATION_LEVEL = "-Onone";
			};
			name = Debug;
		};
		9131602E29F5B28E006CECD7 /* Release */ = {
			isa = XCBuildConfiguration;
			buildSettings = {
				ALWAYS_SEARCH_USER_PATHS = NO;
				CLANG_ANALYZER_NONNULL = YES;
				CLANG_ANALYZER_NUMBER_OBJECT_CONVERSION = YES_AGGRESSIVE;
				CLANG_CXX_LANGUAGE_STANDARD = "gnu++20";
				CLANG_ENABLE_MODULES = YES;
				CLANG_ENABLE_OBJC_ARC = YES;
				CLANG_ENABLE_OBJC_WEAK = YES;
				CLANG_WARN_BLOCK_CAPTURE_AUTORELEASING = YES;
				CLANG_WARN_BOOL_CONVERSION = YES;
				CLANG_WARN_COMMA = YES;
				CLANG_WARN_CONSTANT_CONVERSION = YES;
				CLANG_WARN_DEPRECATED_OBJC_IMPLEMENTATIONS = YES;
				CLANG_WARN_DIRECT_OBJC_ISA_USAGE = YES_ERROR;
				CLANG_WARN_DOCUMENTATION_COMMENTS = YES;
				CLANG_WARN_EMPTY_BODY = YES;
				CLANG_WARN_ENUM_CONVERSION = YES;
				CLANG_WARN_INFINITE_RECURSION = YES;
				CLANG_WARN_INT_CONVERSION = YES;
				CLANG_WARN_NON_LITERAL_NULL_CONVERSION = YES;
				CLANG_WARN_OBJC_IMPLICIT_RETAIN_SELF = YES;
				CLANG_WARN_OBJC_LITERAL_CONVERSION = YES;
				CLANG_WARN_OBJC_ROOT_CLASS = YES_ERROR;
				CLANG_WARN_QUOTED_INCLUDE_IN_FRAMEWORK_HEADER = YES;
				CLANG_WARN_RANGE_LOOP_ANALYSIS = YES;
				CLANG_WARN_STRICT_PROTOTYPES = YES;
				CLANG_WARN_SUSPICIOUS_MOVE = YES;
				CLANG_WARN_UNGUARDED_AVAILABILITY = YES_AGGRESSIVE;
				CLANG_WARN_UNREACHABLE_CODE = YES;
				CLANG_WARN__DUPLICATE_METHOD_MATCH = YES;
				COPY_PHASE_STRIP = NO;
				DEBUG_INFORMATION_FORMAT = "dwarf-with-dsym";
				ENABLE_NS_ASSERTIONS = NO;
				ENABLE_STRICT_OBJC_MSGSEND = YES;
				GCC_C_LANGUAGE_STANDARD = gnu11;
				GCC_NO_COMMON_BLOCKS = YES;
				GCC_WARN_64_TO_32_BIT_CONVERSION = YES;
				GCC_WARN_ABOUT_RETURN_TYPE = YES_ERROR;
				GCC_WARN_UNDECLARED_SELECTOR = YES;
				GCC_WARN_UNINITIALIZED_AUTOS = YES_AGGRESSIVE;
				GCC_WARN_UNUSED_FUNCTION = YES;
				GCC_WARN_UNUSED_VARIABLE = YES;
				IPHONEOS_DEPLOYMENT_TARGET = 16.4;
				MTL_ENABLE_DEBUG_INFO = NO;
				MTL_FAST_MATH = YES;
				SDKROOT = iphoneos;
				SWIFT_COMPILATION_MODE = wholemodule;
				SWIFT_OPTIMIZATION_LEVEL = "-O";
				VALIDATE_PRODUCT = YES;
			};
			name = Release;
		};
		9131603029F5B28E006CECD7 /* Debug */ = {
			isa = XCBuildConfiguration;
			buildSettings = {
				ASSETCATALOG_COMPILER_APPICON_NAME = AppIcon;
				ASSETCATALOG_COMPILER_GLOBAL_ACCENT_COLOR_NAME = AccentColor;
				CODE_SIGN_IDENTITY = "Apple Development";
				CODE_SIGN_STYLE = Automatic;
				CURRENT_PROJECT_VERSION = 1;
				DEVELOPMENT_TEAM = 6DCRFKN8GP;
				GENERATE_INFOPLIST_FILE = YES;
				INFOPLIST_FILE = "Hangman Classic/App/Info.plist";
				INFOPLIST_KEY_CFBundleDisplayName = "Brain Storm";
				INFOPLIST_KEY_LSApplicationCategoryType = "public.app-category.word-games";
				INFOPLIST_KEY_UIApplicationSupportsIndirectInputEvents = YES;
				INFOPLIST_KEY_UILaunchStoryboardName = LaunchScreen;
				INFOPLIST_KEY_UIMainStoryboardFile = "Main + Flag";
				INFOPLIST_KEY_UISupportedInterfaceOrientations = UIInterfaceOrientationPortrait;
				INFOPLIST_KEY_UISupportedInterfaceOrientations_iPad = "UIInterfaceOrientationLandscapeLeft UIInterfaceOrientationLandscapeRight UIInterfaceOrientationPortrait UIInterfaceOrientationPortraitUpsideDown";
				IPHONEOS_DEPLOYMENT_TARGET = 15.6;
				LD_RUNPATH_SEARCH_PATHS = (
					"$(inherited)",
					"@executable_path/Frameworks",
				);
				MARKETING_VERSION = 1.0;
				PRODUCT_BUNDLE_IDENTIFIER = "dutysniper.Hangman-Classic";
				PRODUCT_NAME = "$(TARGET_NAME)";
				PROVISIONING_PROFILE_SPECIFIER = "";
				SUPPORTED_PLATFORMS = "iphoneos iphonesimulator";
				SUPPORTS_MACCATALYST = NO;
				SUPPORTS_MAC_DESIGNED_FOR_IPHONE_IPAD = NO;
				SWIFT_EMIT_LOC_STRINGS = YES;
				SWIFT_VERSION = 5.0;
				TARGETED_DEVICE_FAMILY = 1;
			};
			name = Debug;
		};
		9131603129F5B28E006CECD7 /* Release */ = {
			isa = XCBuildConfiguration;
			buildSettings = {
				ASSETCATALOG_COMPILER_APPICON_NAME = AppIcon;
				ASSETCATALOG_COMPILER_GLOBAL_ACCENT_COLOR_NAME = AccentColor;
				CODE_SIGN_IDENTITY = "Apple Development";
				CODE_SIGN_STYLE = Automatic;
				CURRENT_PROJECT_VERSION = 1;
				DEVELOPMENT_TEAM = 6DCRFKN8GP;
				GENERATE_INFOPLIST_FILE = YES;
				INFOPLIST_FILE = "Hangman Classic/App/Info.plist";
				INFOPLIST_KEY_CFBundleDisplayName = "Brain Storm";
				INFOPLIST_KEY_LSApplicationCategoryType = "public.app-category.word-games";
				INFOPLIST_KEY_UIApplicationSupportsIndirectInputEvents = YES;
				INFOPLIST_KEY_UILaunchStoryboardName = LaunchScreen;
				INFOPLIST_KEY_UIMainStoryboardFile = "Main + Flag";
				INFOPLIST_KEY_UISupportedInterfaceOrientations = UIInterfaceOrientationPortrait;
				INFOPLIST_KEY_UISupportedInterfaceOrientations_iPad = "UIInterfaceOrientationLandscapeLeft UIInterfaceOrientationLandscapeRight UIInterfaceOrientationPortrait UIInterfaceOrientationPortraitUpsideDown";
				IPHONEOS_DEPLOYMENT_TARGET = 15.6;
				LD_RUNPATH_SEARCH_PATHS = (
					"$(inherited)",
					"@executable_path/Frameworks",
				);
				MARKETING_VERSION = 1.0;
				PRODUCT_BUNDLE_IDENTIFIER = "dutysniper.Hangman-Classic";
				PRODUCT_NAME = "$(TARGET_NAME)";
				PROVISIONING_PROFILE_SPECIFIER = "";
				SUPPORTED_PLATFORMS = "iphoneos iphonesimulator";
				SUPPORTS_MACCATALYST = NO;
				SUPPORTS_MAC_DESIGNED_FOR_IPHONE_IPAD = NO;
				SWIFT_EMIT_LOC_STRINGS = YES;
				SWIFT_VERSION = 5.0;
				TARGETED_DEVICE_FAMILY = 1;
			};
			name = Release;
		};
/* End XCBuildConfiguration section */

/* Begin XCConfigurationList section */
		9131601629F5B28D006CECD7 /* Build configuration list for PBXProject "Hangman Classic" */ = {
			isa = XCConfigurationList;
			buildConfigurations = (
				9131602D29F5B28E006CECD7 /* Debug */,
				9131602E29F5B28E006CECD7 /* Release */,
			);
			defaultConfigurationIsVisible = 0;
			defaultConfigurationName = Release;
		};
		9131602F29F5B28E006CECD7 /* Build configuration list for PBXNativeTarget "Hangman Classic" */ = {
			isa = XCConfigurationList;
			buildConfigurations = (
				9131603029F5B28E006CECD7 /* Debug */,
				9131603129F5B28E006CECD7 /* Release */,
			);
			defaultConfigurationIsVisible = 0;
			defaultConfigurationName = Release;
		};
/* End XCConfigurationList section */
	};
	rootObject = 9131601329F5B28D006CECD7 /* Project object */;
}
